
Microsoft Visual Studio Solution File, Format Version 12.00
# Visual Studio Version 16
VisualStudioVersion = 16.0.31911.196
MinimumVisualStudioVersion = 10.0.40219.1
Project("{FAE04EC0-301F-11D3-BF4B-00C04F79EFBC}") = "N18DCCN231_CDCNPM", "N18DCCN231_CDCNPM\N18DCCN231_CDCNPM.csproj", "{613BBB46-DBF8-4F9C-8A8B-60F39D2DF306}"
EndProject
Global
	GlobalSection(SolutionConfigurationPlatforms) = preSolution
		Debug|Any CPU = Debug|Any CPU
		Release|Any CPU = Release|Any CPU
	EndGlobalSection
	GlobalSection(ProjectConfigurationPlatforms) = postSolution
		{613BBB46-DBF8-4F9C-8A8B-60F39D2DF306}.Debug|Any CPU.ActiveCfg = Debug|Any CPU
		{613BBB46-DBF8-4F9C-8A8B-60F39D2DF306}.Debug|Any CPU.Build.0 = Debug|Any CPU
		{613BBB46-DBF8-4F9C-8A8B-60F39D2DF306}.Release|Any CPU.ActiveCfg = Release|Any CPU
		{613BBB46-DBF8-4F9C-8A8B-60F39D2DF306}.Release|Any CPU.Build.0 = Release|Any CPU
	EndGlobalSection
	GlobalSection(SolutionProperties) = preSolution
		HideSolutionNode = FALSE
	EndGlobalSection
	GlobalSection(ExtensibilityGlobals) = postSolution
		SolutionGuid = {18E36696-B80C-470D-B115-8AF382BADECE}
	EndGlobalSection
EndGlobal
